// !$*UTF8*$!
{
	archiveVersion = 1;
	classes = {
	};
	objectVersion = 50;
	objects = {

/* Begin PBXBuildFile section */
		509C1A21231E556F006F33E3 /* main.swift in Sources */ = {isa = PBXBuildFile; fileRef = 509C1A20231E556F006F33E3 /* main.swift */; };
		50B4FA73232B82CF004154DD /* Game.swift in Sources */ = {isa = PBXBuildFile; fileRef = 50B4FA72232B82CF004154DD /* Game.swift */; };
		50B4FA75232B8312004154DD /* Player.swift in Sources */ = {isa = PBXBuildFile; fileRef = 50B4FA74232B8312004154DD /* Player.swift */; };
		50B4FA77232B8343004154DD /*  Character.swift in Sources */ = {isa = PBXBuildFile; fileRef = 50B4FA76232B8343004154DD /*  Character.swift */; };
		50B4FA79232B8373004154DD /* Weapon.swift in Sources */ = {isa = PBXBuildFile; fileRef = 50B4FA78232B8373004154DD /* Weapon.swift */; };
		50B4FA7B232B8388004154DD /* Warrior.swift in Sources */ = {isa = PBXBuildFile; fileRef = 50B4FA7A232B8388004154DD /* Warrior.swift */; };
		50B4FA7D232B83A1004154DD /* Dwarf.swift in Sources */ = {isa = PBXBuildFile; fileRef = 50B4FA7C232B83A1004154DD /* Dwarf.swift */; };
		50B4FA7F232B83C2004154DD /* Magus.swift in Sources */ = {isa = PBXBuildFile; fileRef = 50B4FA7E232B83C2004154DD /* Magus.swift */; };
		50B4FA81232B83DD004154DD /* Colossus.swift in Sources */ = {isa = PBXBuildFile; fileRef = 50B4FA80232B83DD004154DD /* Colossus.swift */; };
/* End PBXBuildFile section */

/* Begin PBXCopyFilesBuildPhase section */
		509C1A1B231E556F006F33E3 /* CopyFiles */ = {
			isa = PBXCopyFilesBuildPhase;
			buildActionMask = 2147483647;
			dstPath = /usr/share/man/man1/;
			dstSubfolderSpec = 0;
			files = (
			);
			runOnlyForDeploymentPostprocessing = 1;
		};
/* End PBXCopyFilesBuildPhase section */

/* Begin PBXFileReference section */
		509C1A1D231E556F006F33E3 /* OPC3-Fight */ = {isa = PBXFileReference; explicitFileType = "compiled.mach-o.executable"; includeInIndex = 0; path = "OPC3-Fight"; sourceTree = BUILT_PRODUCTS_DIR; };
		509C1A20231E556F006F33E3 /* main.swift */ = {isa = PBXFileReference; lastKnownFileType = sourcecode.swift; path = main.swift; sourceTree = "<group>"; };
		50B4FA72232B82CF004154DD /* Game.swift */ = {isa = PBXFileReference; lastKnownFileType = sourcecode.swift; path = Game.swift; sourceTree = "<group>"; };
		50B4FA74232B8312004154DD /* Player.swift */ = {isa = PBXFileReference; lastKnownFileType = sourcecode.swift; path = Player.swift; sourceTree = "<group>"; };
		50B4FA76232B8343004154DD /*  Character.swift */ = {isa = PBXFileReference; lastKnownFileType = sourcecode.swift; path = " Character.swift"; sourceTree = "<group>"; };
		50B4FA78232B8373004154DD /* Weapon.swift */ = {isa = PBXFileReference; lastKnownFileType = sourcecode.swift; path = Weapon.swift; sourceTree = "<group>"; };
		50B4FA7A232B8388004154DD /* Warrior.swift */ = {isa = PBXFileReference; lastKnownFileType = sourcecode.swift; path = Warrior.swift; sourceTree = "<group>"; };
		50B4FA7C232B83A1004154DD /* Dwarf.swift */ = {isa = PBXFileReference; lastKnownFileType = sourcecode.swift; path = Dwarf.swift; sourceTree = "<group>"; };
		50B4FA7E232B83C2004154DD /* Magus.swift */ = {isa = PBXFileReference; lastKnownFileType = sourcecode.swift; path = Magus.swift; sourceTree = "<group>"; };
		50B4FA80232B83DD004154DD /* Colossus.swift */ = {isa = PBXFileReference; lastKnownFileType = sourcecode.swift; path = Colossus.swift; sourceTree = "<group>"; };
/* End PBXFileReference section */

/* Begin PBXFrameworksBuildPhase section */
		509C1A1A231E556F006F33E3 /* Frameworks */ = {
			isa = PBXFrameworksBuildPhase;
			buildActionMask = 2147483647;
			files = (
			);
			runOnlyForDeploymentPostprocessing = 0;
		};
/* End PBXFrameworksBuildPhase section */

/* Begin PBXGroup section */
		509C1A14231E556F006F33E3 = {
			isa = PBXGroup;
			children = (
				509C1A1F231E556F006F33E3 /* OPC3-Fight */,
				509C1A1E231E556F006F33E3 /* Products */,
			);
			sourceTree = "<group>";
		};
		509C1A1E231E556F006F33E3 /* Products */ = {
			isa = PBXGroup;
			children = (
				509C1A1D231E556F006F33E3 /* OPC3-Fight */,
			);
			name = Products;
			sourceTree = "<group>";
		};
		509C1A1F231E556F006F33E3 /* OPC3-Fight */ = {
			isa = PBXGroup;
			children = (
				509C1A20231E556F006F33E3 /* main.swift */,
				50B4FA72232B82CF004154DD /* Game.swift */,
				50B4FA74232B8312004154DD /* Player.swift */,
				50B4FA76232B8343004154DD /*  Character.swift */,
				50B4FA78232B8373004154DD /* Weapon.swift */,
				50B4FA7A232B8388004154DD /* Warrior.swift */,
				50B4FA7C232B83A1004154DD /* Dwarf.swift */,
				50B4FA7E232B83C2004154DD /* Magus.swift */,
				50B4FA80232B83DD004154DD /* Colossus.swift */,
			);
			path = "OPC3-Fight";
			sourceTree = "<group>";
		};
/* End PBXGroup section */

/* Begin PBXNativeTarget section */
		509C1A1C231E556F006F33E3 /* OPC3-Fight */ = {
			isa = PBXNativeTarget;
			buildConfigurationList = 509C1A24231E556F006F33E3 /* Build configuration list for PBXNativeTarget "OPC3-Fight" */;
			buildPhases = (
				509C1A19231E556F006F33E3 /* Sources */,
				509C1A1A231E556F006F33E3 /* Frameworks */,
				509C1A1B231E556F006F33E3 /* CopyFiles */,
			);
			buildRules = (
			);
			dependencies = (
			);
			name = "OPC3-Fight";
			productName = "OPC3-Fight";
			productReference = 509C1A1D231E556F006F33E3 /* OPC3-Fight */;
			productType = "com.apple.product-type.tool";
		};
/* End PBXNativeTarget section */

/* Begin PBXProject section */
		509C1A15231E556F006F33E3 /* Project object */ = {
			isa = PBXProject;
			attributes = {
				LastSwiftUpdateCheck = 1030;
				LastUpgradeCheck = 1100;
				ORGANIZATIONNAME = WANDIANGA;
				TargetAttributes = {
					509C1A1C231E556F006F33E3 = {
						CreatedOnToolsVersion = 10.3;
					};
				};
			};
			buildConfigurationList = 509C1A18231E556F006F33E3 /* Build configuration list for PBXProject "OPC3-Fight" */;
			compatibilityVersion = "Xcode 9.3";
			developmentRegion = en;
			hasScannedForEncodings = 0;
			knownRegions = (
				en,
				Base,
			);
			mainGroup = 509C1A14231E556F006F33E3;
			productRefGroup = 509C1A1E231E556F006F33E3 /* Products */;
			projectDirPath = "";
			projectRoot = "";
			targets = (
				509C1A1C231E556F006F33E3 /* OPC3-Fight */,
			);
		};
/* End PBXProject section */

/* Begin PBXSourcesBuildPhase section */
		509C1A19231E556F006F33E3 /* Sources */ = {
			isa = PBXSourcesBuildPhase;
			buildActionMask = 2147483647;
			files = (
				50B4FA7B232B8388004154DD /* Warrior.swift in Sources */,
				50B4FA79232B8373004154DD /* Weapon.swift in Sources */,
				50B4FA77232B8343004154DD /*  Character.swift in Sources */,
				50B4FA7F232B83C2004154DD /* Magus.swift in Sources */,
				50B4FA81232B83DD004154DD /* Colossus.swift in Sources */,
				509C1A21231E556F006F33E3 /* main.swift in Sources */,
				50B4FA75232B8312004154DD /* Player.swift in Sources */,
				50B4FA7D232B83A1004154DD /* Dwarf.swift in Sources */,
				50B4FA73232B82CF004154DD /* Game.swift in Sources */,
			);
			runOnlyForDeploymentPostprocessing = 0;
		};
/* End PBXSourcesBuildPhase section */

/* Begin XCBuildConfiguration section */
		509C1A22231E556F006F33E3 /* Debug */ = {
			isa = XCBuildConfiguration;
			buildSettings = {
				ALWAYS_SEARCH_USER_PATHS = NO;
				CLANG_ANALYZER_NONNULL = YES;
				CLANG_ANALYZER_NUMBER_OBJECT_CONVERSION = YES_AGGRESSIVE;
				CLANG_CXX_LANGUAGE_STANDARD = "gnu++14";
				CLANG_CXX_LIBRARY = "libc++";
				CLANG_ENABLE_MODULES = YES;
				CLANG_ENABLE_OBJC_ARC = YES;
				CLANG_ENABLE_OBJC_WEAK = YES;
				CLANG_WARN_BLOCK_CAPTURE_AUTORELEASING = YES;
				CLANG_WARN_BOOL_CONVERSION = YES;
				CLANG_WARN_COMMA = YES;
				CLANG_WARN_CONSTANT_CONVERSION = YES;
				CLANG_WARN_DEPRECATED_OBJC_IMPLEMENTATIONS = YES;
				CLANG_WARN_DIRECT_OBJC_ISA_USAGE = YES_ERROR;
				CLANG_WARN_DOCUMENTATION_COMMENTS = YES;
				CLANG_WARN_EMPTY_BODY = YES;
				CLANG_WARN_ENUM_CONVERSION = YES;
				CLANG_WARN_INFINITE_RECURSION = YES;
				CLANG_WARN_INT_CONVERSION = YES;
				CLANG_WARN_NON_LITERAL_NULL_CONVERSION = YES;
				CLANG_WARN_OBJC_IMPLICIT_RETAIN_SELF = YES;
				CLANG_WARN_OBJC_LITERAL_CONVERSION = YES;
				CLANG_WARN_OBJC_ROOT_CLASS = YES_ERROR;
				CLANG_WARN_RANGE_LOOP_ANALYSIS = YES;
				CLANG_WARN_STRICT_PROTOTYPES = YES;
				CLANG_WARN_SUSPICIOUS_MOVE = YES;
				CLANG_WARN_UNGUARDED_AVAILABILITY = YES_AGGRESSIVE;
				CLANG_WARN_UNREACHABLE_CODE = YES;
				CLANG_WARN__DUPLICATE_METHOD_MATCH = YES;
				CODE_SIGN_IDENTITY = "Mac Developer";
				COPY_PHASE_STRIP = NO;
				DEBUG_INFORMATION_FORMAT = dwarf;
				ENABLE_STRICT_OBJC_MSGSEND = YES;
				ENABLE_TESTABILITY = YES;
				GCC_C_LANGUAGE_STANDARD = gnu11;
				GCC_DYNAMIC_NO_PIC = NO;
				GCC_NO_COMMON_BLOCKS = YES;
				GCC_OPTIMIZATION_LEVEL = 0;
				GCC_PREPROCESSOR_DEFINITIONS = (
					"DEBUG=1",
					"$(inherited)",
				);
				GCC_WARN_64_TO_32_BIT_CONVERSION = YES;
				GCC_WARN_ABOUT_RETURN_TYPE = YES_ERROR;
				GCC_WARN_UNDECLARED_SELECTOR = YES;
				GCC_WARN_UNINITIALIZED_AUTOS = YES_AGGRESSIVE;
				GCC_WARN_UNUSED_FUNCTION = YES;
				GCC_WARN_UNUSED_VARIABLE = YES;
				MACOSX_DEPLOYMENT_TARGET = 10.14;
				MTL_ENABLE_DEBUG_INFO = INCLUDE_SOURCE;
				MTL_FAST_MATH = YES;
				ONLY_ACTIVE_ARCH = YES;
				SDKROOT = macosx;
				SWIFT_ACTIVE_COMPILATION_CONDITIONS = DEBUG;
				SWIFT_OPTIMIZATION_LEVEL = "-Onone";
			};
			name = Debug;
		};
		509C1A23231E556F006F33E3 /* Release */ = {
			isa = XCBuildConfiguration;
			buildSettings = {
				ALWAYS_SEARCH_USER_PATHS = NO;
				CLANG_ANALYZER_NONNULL = YES;
				CLANG_ANALYZER_NUMBER_OBJECT_CONVERSION = YES_AGGRESSIVE;
				CLANG_CXX_LANGUAGE_STANDARD = "gnu++14";
				CLANG_CXX_LIBRARY = "libc++";
				CLANG_ENABLE_MODULES = YES;
				CLANG_ENABLE_OBJC_ARC = YES;
				CLANG_ENABLE_OBJC_WEAK = YES;
				CLANG_WARN_BLOCK_CAPTURE_AUTORELEASING = YES;
				CLANG_WARN_BOOL_CONVERSION = YES;
				CLANG_WARN_COMMA = YES;
				CLANG_WARN_CONSTANT_CONVERSION = YES;
				CLANG_WARN_DEPRECATED_OBJC_IMPLEMENTATIONS = YES;
				CLANG_WARN_DIRECT_OBJC_ISA_USAGE = YES_ERROR;
				CLANG_WARN_DOCUMENTATION_COMMENTS = YES;
				CLANG_WARN_EMPTY_BODY = YES;
				CLANG_WARN_ENUM_CONVERSION = YES;
				CLANG_WARN_INFINITE_RECURSION = YES;
				CLANG_WARN_INT_CONVERSION = YES;
				CLANG_WARN_NON_LITERAL_NULL_CONVERSION = YES;
				CLANG_WARN_OBJC_IMPLICIT_RETAIN_SELF = YES;
				CLANG_WARN_OBJC_LITERAL_CONVERSION = YES;
				CLANG_WARN_OBJC_ROOT_CLASS = YES_ERROR;
				CLANG_WARN_RANGE_LOOP_ANALYSIS = YES;
				CLANG_WARN_STRICT_PROTOTYPES = YES;
				CLANG_WARN_SUSPICIOUS_MOVE = YES;
				CLANG_WARN_UNGUARDED_AVAILABILITY = YES_AGGRESSIVE;
				CLANG_WARN_UNREACHABLE_CODE = YES;
				CLANG_WARN__DUPLICATE_METHOD_MATCH = YES;
				CODE_SIGN_IDENTITY = "Mac Developer";
				COPY_PHASE_STRIP = NO;
				DEBUG_INFORMATION_FORMAT = "dwarf-with-dsym";
				ENABLE_NS_ASSERTIONS = NO;
				ENABLE_STRICT_OBJC_MSGSEND = YES;
				GCC_C_LANGUAGE_STANDARD = gnu11;
				GCC_NO_COMMON_BLOCKS = YES;
				GCC_WARN_64_TO_32_BIT_CONVERSION = YES;
				GCC_WARN_ABOUT_RETURN_TYPE = YES_ERROR;
				GCC_WARN_UNDECLARED_SELECTOR = YES;
				GCC_WARN_UNINITIALIZED_AUTOS = YES_AGGRESSIVE;
				GCC_WARN_UNUSED_FUNCTION = YES;
				GCC_WARN_UNUSED_VARIABLE = YES;
				MACOSX_DEPLOYMENT_TARGET = 10.14;
				MTL_ENABLE_DEBUG_INFO = NO;
				MTL_FAST_MATH = YES;
				SDKROOT = macosx;
				SWIFT_COMPILATION_MODE = wholemodule;
				SWIFT_OPTIMIZATION_LEVEL = "-O";
			};
			name = Release;
		};
		509C1A25231E556F006F33E3 /* Debug */ = {
			isa = XCBuildConfiguration;
			buildSettings = {
				CODE_SIGN_IDENTITY = "-";
				CODE_SIGN_STYLE = Automatic;
				DEVELOPMENT_TEAM = DTMD9PXB8B;
				PRODUCT_NAME = "$(TARGET_NAME)";
				SWIFT_VERSION = 5.0;
			};
			name = Debug;
		};
		509C1A26231E556F006F33E3 /* Release */ = {
			isa = XCBuildConfiguration;
			buildSettings = {
				CODE_SIGN_IDENTITY = "-";
				CODE_SIGN_STYLE = Automatic;
				DEVELOPMENT_TEAM = DTMD9PXB8B;
				PRODUCT_NAME = "$(TARGET_NAME)";
				SWIFT_VERSION = 5.0;
			};
			name = Release;
		};
/* End XCBuildConfiguration section */

/* Begin XCConfigurationList section */
		509C1A18231E556F006F33E3 /* Build configuration list for PBXProject "OPC3-Fight" */ = {
			isa = XCConfigurationList;
			buildConfigurations = (
				509C1A22231E556F006F33E3 /* Debug */,
				509C1A23231E556F006F33E3 /* Release */,
			);
			defaultConfigurationIsVisible = 0;
			defaultConfigurationName = Release;
		};
		509C1A24231E556F006F33E3 /* Build configuration list for PBXNativeTarget "OPC3-Fight" */ = {
			isa = XCConfigurationList;
			buildConfigurations = (
				509C1A25231E556F006F33E3 /* Debug */,
				509C1A26231E556F006F33E3 /* Release */,
			);
			defaultConfigurationIsVisible = 0;
			defaultConfigurationName = Release;
		};
/* End XCConfigurationList section */
	};
	rootObject = 509C1A15231E556F006F33E3 /* Project object */;
}
